
Microsoft Visual Studio Solution File, Format Version 12.00
# Visual Studio Version 16
VisualStudioVersion = 16.0.29418.71
MinimumVisualStudioVersion = 10.0.40219.1
Project("{9A19103F-16F7-4668-BE54-9A1E7A4F7556}") = "lab_01_hello_world", "lab_01_hello_world\lab_01_hello_world.csproj", "{7B54DAAA-B9B3-4186-BFC8-9B6A92545E4D}"
EndProject
Project("{FAE04EC0-301F-11D3-BF4B-00C04F79EFBC}") = "lab_02_ildasm", "lab_02_ildasm\lab_02_ildasm.csproj", "{691FFDCB-1A53-4A26-882C-6693F4E0F387}"
EndProject
Project("{9A19103F-16F7-4668-BE54-9A1E7A4F7556}") = "lab_03_use_library", "lab 03 user library\lab_03_use_library.csproj", "{293CDCB3-DA47-45C5-B861-9FE67E6A9F58}"
EndProject
Project("{9A19103F-16F7-4668-BE54-9A1E7A4F7556}") = "lab_03_library_files", "lab_03_library_files\lab_03_library_files.csproj", "{6FFB1D60-8A97-48C4-B065-544DB891726E}"
EndProject
Project("{9A19103F-16F7-4668-BE54-9A1E7A4F7556}") = "lab_04_debugging", "lab_04_debugging\lab_04_debugging.csproj", "{5AB3949E-9068-47D1-A748-02BE80A3D13F}"
EndProject
Project("{9A19103F-16F7-4668-BE54-9A1E7A4F7556}") = "lab_07_args_array", "lab_07_args_array\lab_07_args_array.csproj", "{36A04A16-0625-4CCC-A812-539F8E1D5092}"
EndProject
Project("{9A19103F-16F7-4668-BE54-9A1E7A4F7556}") = "lab_08 literal objects", "lab 08 literal objects\lab_08 literal objects.csproj", "{94CB2823-049F-46BC-9086-79A64033223F}"
EndProject
Project("{9A19103F-16F7-4668-BE54-9A1E7A4F7556}") = "lab_09 OOP intro", "lab_09 OOP intro\lab_09 OOP intro.csproj", "{FA9E3FDE-715B-4DC5-8D25-54324B6DFB5F}"
EndProject
Project("{9A19103F-16F7-4668-BE54-9A1E7A4F7556}") = "lab_10 methods", "lab_10 methods\lab_10 methods.csproj", "{40FA9FA1-5D9F-4B5B-9226-996556893B88}"
EndProject
Project("{9A19103F-16F7-4668-BE54-9A1E7A4F7556}") = "lab_11_methods", "lab_11_methods\lab_11_methods.csproj", "{00E37135-D66F-4AB9-92CF-3CB1BAA56A72}"
EndProject
Project("{9A19103F-16F7-4668-BE54-9A1E7A4F7556}") = "lab_12 properties", "lab_12 properties\lab_12 properties.csproj", "{7167F32C-E1F7-4693-A02E-7B651328B2E4}"
EndProject
Project("{9A19103F-16F7-4668-BE54-9A1E7A4F7556}") = "lab_13 polymorphism", "lab_13 polymorphism\lab_13 polymorphism.csproj", "{FC5C6BDF-A698-4636-B9CD-10ABBEE8590B}"
EndProject
Project("{9A19103F-16F7-4668-BE54-9A1E7A4F7556}") = "lab_14 Access modifiers", "lab_14 Access modifiers\lab_14 Access modifiers.csproj", "{B8941B13-3EBD-40D1-87B3-EAEA7CC1EA8E}"
EndProject
Project("{9A19103F-16F7-4668-BE54-9A1E7A4F7556}") = "lab_15 value reference", "lab_15 value reference\lab_15 value reference.csproj", "{0F885209-25FA-41CF-BAAA-0A6679C9B3F6}"
EndProject
Project("{9A19103F-16F7-4668-BE54-9A1E7A4F7556}") = "lab_16 loops", "lab_16 loops\lab_16 loops.csproj", "{A958C249-C3B2-43CF-BB40-8E1B3F1512B5}"
EndProject
Project("{9A19103F-16F7-4668-BE54-9A1E7A4F7556}") = "lab_17 Collections", "lab_17 Collections\lab_17 Collections.csproj", "{B553D514-AE58-43C9-BC04-15361B4A2D72}"
EndProject
Project("{9A19103F-16F7-4668-BE54-9A1E7A4F7556}") = "lab_18 ListQeueStack", "lab_18 ListQeueStack\lab_18 ListQeueStack.csproj", "{E2E77C70-22C2-499F-9E10-0FDC60A2F280}"
EndProject
Project("{9A19103F-16F7-4668-BE54-9A1E7A4F7556}") = "lab_19 Exceptions", "lab_19 Exceptions\lab_19 Exceptions.csproj", "{DE804AFA-00BB-49E3-BA06-6279B4E56711}"
EndProject
Project("{9A19103F-16F7-4668-BE54-9A1E7A4F7556}") = "lab_20 Throw", "lab_20 Throw\lab_20 Throw.csproj", "{CA2B337A-EE6D-49BC-955A-C56BBBD1139E}"
EndProject
Project("{9A19103F-16F7-4668-BE54-9A1E7A4F7556}") = "lab_21 Rabbits", "lab_21 Rabbits\lab_21 Rabbits.csproj", "{27B4E19E-324E-430C-8144-FF1821A5C023}"
EndProject
Project("{9A19103F-16F7-4668-BE54-9A1E7A4F7556}") = "lab_22 Rabbits breed", "lab_22 Rabbits breed\lab_22 Rabbits breed.csproj", "{F0C89A41-B685-4307-A98C-4669AA4A73DB}"
EndProject
Project("{9A19103F-16F7-4668-BE54-9A1E7A4F7556}") = "lab_c_sharp_tests", "lab_c_sharp_tests\lab_c_sharp_tests.csproj", "{1C88AA54-77F4-4506-B362-F1DE2C2FE6CD}"
EndProject
Project("{FAE04EC0-301F-11D3-BF4B-00C04F79EFBC}") = "lab_23 Rabbit Generator", "lab_23 Rabbit Generator\lab_23 Rabbit Generator.csproj", "{6001D87E-E7D6-4F9C-9CF7-34D2E11EA66D}"
EndProject
Project("{FAE04EC0-301F-11D3-BF4B-00C04F79EFBC}") = "labs_24 test database", "labs_24 test database\labs_24 test database.csproj", "{88E984CE-8565-493B-B544-C6542A622BDD}"
EndProject
Project("{FAE04EC0-301F-11D3-BF4B-00C04F79EFBC}") = "labs_25 rabbit database", "labs_25 rabbit database\labs_25 rabbit database.csproj", "{937F6DD6-A72E-48FB-8E0B-DAB83D97767E}"
EndProject
Project("{9A19103F-16F7-4668-BE54-9A1E7A4F7556}") = "lab_26 Nunit Tests", "lab_26 Nunit Tests\lab_26 Nunit Tests.csproj", "{BA9D9B2F-4B4D-48FF-AEC5-49DBD0E09786}"
EndProject
Project("{9A19103F-16F7-4668-BE54-9A1E7A4F7556}") = "lab_29 variables continued", "lab_29 variables continued\lab_29 variables continued.csproj", "{FB0B69BF-D6D1-4D14-BBF3-316EBED1DDA1}"
EndProject
Project("{9A19103F-16F7-4668-BE54-9A1E7A4F7556}") = "lab_30 stopwatch date time", "lab_30 stopwatch date time\lab_30 stopwatch date time.csproj", "{CDEDED77-71A2-44F8-94E2-907D2F92E0BF}"
EndProject
Project("{9A19103F-16F7-4668-BE54-9A1E7A4F7556}") = "lab_33_tuples", "lab_33_tuples\lab_33_tuples.csproj", "{BE957E11-3EB4-471D-8A5F-27869C0CF627}"
EndProject
Project("{FAE04EC0-301F-11D3-BF4B-00C04F79EFBC}") = "lab_34_rabbit_advanced", "lab_34_rabbit_advanced\lab_34_rabbit_advanced.csproj", "{E6128C2A-03DA-4435-8A1B-D978CDAA9FC7}"
EndProject
Project("{9A19103F-16F7-4668-BE54-9A1E7A4F7556}") = "lab_28_test_practice", "lab_28_test_practice\lab_28_test_practice.csproj", "{B10E3F89-7D4D-4FEF-BEF5-661D578045F3}"
EndProject
Project("{FAE04EC0-301F-11D3-BF4B-00C04F79EFBC}") = "lab_35_Northwind_codefirst", "lab_35_Northwind_codefirst\lab_35_Northwind_codefirst.csproj", "{A9B37996-2F60-4947-9FA3-31B0BB03A577}"
EndProject
Project("{9A19103F-16F7-4668-BE54-9A1E7A4F7556}") = "lab_36_Northwind_core", "lab_36_Northwind_core\lab_36_Northwind_core.csproj", "{644E327E-6044-404C-877E-1B81DC9BF84E}"
EndProject
Project("{9A19103F-16F7-4668-BE54-9A1E7A4F7556}") = "lab_37_everything", "lab_37_everything\lab_37_everything.csproj", "{A695C1CE-13C1-4301-862C-612969C21796}"
EndProject
Project("{9A19103F-16F7-4668-BE54-9A1E7A4F7556}") = "lab_37_Interfaces", "lab_37_Interfaces\lab_37_Interfaces.csproj", "{B82E2E4B-B424-47EA-A807-C4F046798B96}"
EndProject
Project("{9A19103F-16F7-4668-BE54-9A1E7A4F7556}") = "lab_39_Microsoft_office", "lab_39_Microsoft_office\lab_39_Microsoft_office.csproj", "{B20CF91C-687F-4DE2-8A4A-5B171B4EE2AC}"
EndProject
Project("{9A19103F-16F7-4668-BE54-9A1E7A4F7556}") = "lab_38_delegates", "lab_38_delegates\lab_38_delegates.csproj", "{35113BF8-3A2B-4300-B363-61C08E346770}"
EndProject
Project("{9A19103F-16F7-4668-BE54-9A1E7A4F7556}") = "lab_40_events", "lab_40_events\lab_40_events.csproj", "{4B9B1017-4874-469E-B21C-FF8F82EE9462}"
EndProject
Project("{9A19103F-16F7-4668-BE54-9A1E7A4F7556}") = "lab_41_OOP_events", "lab_41_OOP_\lab_41_OOP_events.csproj", "{75865282-94D1-49B3-AA35-34D3F6B45C51}"
EndProject
Project("{FAE04EC0-301F-11D3-BF4B-00C04F79EFBC}") = "lab_41_wpf_entity_UC", "lab_41_wpf_entity_UC\lab_41_wpf_entity_UC.csproj", "{966CA53B-586A-4482-B7A9-3136F19A7D0D}"
EndProject
Project("{9A19103F-16F7-4668-BE54-9A1E7A4F7556}") = "lab_43_entity_core_sql_sqlite", "lab_43_entity_core_sql_sqlite\lab_43_entity_core_sql_sqlite.csproj", "{67FE5F9E-EC7C-4CD5-A5C5-A883EE9947B8}"
EndProject
Project("{9A19103F-16F7-4668-BE54-9A1E7A4F7556}") = "lab_46_ASP_core", "lab_46_ASP_core\lab_46_ASP_core.csproj", "{DEC95B7A-1324-4D97-84B7-110B7452CC8E}"
EndProject
Project("{F184B08F-C81C-45F6-A57F-5ABD9991F28F}") = "lab_44_mvc_framework", "lab_44_mvc_framework\lab_44_mvc_framework.vbproj", "{4A3FFB80-C474-4B8D-98C2-CD521A2C8BD1}"
EndProject
Project("{9A19103F-16F7-4668-BE54-9A1E7A4F7556}") = "lab_45_todo_database", "lab_45_todo_database\lab_45_todo_database.csproj", "{B14A02DF-0694-42B9-BB2D-CB4697293E3F}"
EndProject
Project("{9A19103F-16F7-4668-BE54-9A1E7A4F7556}") = "lab_46_async_wait", "lab_46_async_wait\lab_46_async_wait.csproj", "{5310FC3C-A26B-4908-BFA2-915DFBBE8E6A}"
EndProject
Project("{9A19103F-16F7-4668-BE54-9A1E7A4F7556}") = "lab_51_ httpcalling", "lab_51_ httpcalling\lab_51_ httpcalling.csproj", "{BB05D79D-897F-4EE7-92C8-31FE9E9E0289}"
EndProject
Project("{9A19103F-16F7-4668-BE54-9A1E7A4F7556}") = "lab_52_passByReference", "lab_52_passByReference\lab_52_passByReference.csproj", "{4C483D20-FDA9-4427-B3A3-797A1E609BE4}"
EndProject
Project("{FAE04EC0-301F-11D3-BF4B-00C04F79EFBC}") = "lab_53_API_Northwind", "lab_53_API_Northwind\lab_53_API_Northwind.csproj", "{9702BFA3-63D7-407B-BB72-5A9193A1C6D8}"
EndProject
Global
	GlobalSection(SolutionConfigurationPlatforms) = preSolution
		Debug|Any CPU = Debug|Any CPU
		Release|Any CPU = Release|Any CPU
	EndGlobalSection
	GlobalSection(ProjectConfigurationPlatforms) = postSolution
		{7B54DAAA-B9B3-4186-BFC8-9B6A92545E4D}.Debug|Any CPU.ActiveCfg = Debug|Any CPU
		{7B54DAAA-B9B3-4186-BFC8-9B6A92545E4D}.Debug|Any CPU.Build.0 = Debug|Any CPU
		{7B54DAAA-B9B3-4186-BFC8-9B6A92545E4D}.Release|Any CPU.ActiveCfg = Release|Any CPU
		{7B54DAAA-B9B3-4186-BFC8-9B6A92545E4D}.Release|Any CPU.Build.0 = Release|Any CPU
		{691FFDCB-1A53-4A26-882C-6693F4E0F387}.Debug|Any CPU.ActiveCfg = Debug|Any CPU
		{691FFDCB-1A53-4A26-882C-6693F4E0F387}.Debug|Any CPU.Build.0 = Debug|Any CPU
		{691FFDCB-1A53-4A26-882C-6693F4E0F387}.Release|Any CPU.ActiveCfg = Release|Any CPU
		{691FFDCB-1A53-4A26-882C-6693F4E0F387}.Release|Any CPU.Build.0 = Release|Any CPU
		{293CDCB3-DA47-45C5-B861-9FE67E6A9F58}.Debug|Any CPU.ActiveCfg = Debug|Any CPU
		{293CDCB3-DA47-45C5-B861-9FE67E6A9F58}.Debug|Any CPU.Build.0 = Debug|Any CPU
		{293CDCB3-DA47-45C5-B861-9FE67E6A9F58}.Release|Any CPU.ActiveCfg = Release|Any CPU
		{293CDCB3-DA47-45C5-B861-9FE67E6A9F58}.Release|Any CPU.Build.0 = Release|Any CPU
		{6FFB1D60-8A97-48C4-B065-544DB891726E}.Debug|Any CPU.ActiveCfg = Debug|Any CPU
		{6FFB1D60-8A97-48C4-B065-544DB891726E}.Debug|Any CPU.Build.0 = Debug|Any CPU
		{6FFB1D60-8A97-48C4-B065-544DB891726E}.Release|Any CPU.ActiveCfg = Release|Any CPU
		{6FFB1D60-8A97-48C4-B065-544DB891726E}.Release|Any CPU.Build.0 = Release|Any CPU
		{5AB3949E-9068-47D1-A748-02BE80A3D13F}.Debug|Any CPU.ActiveCfg = Debug|Any CPU
		{5AB3949E-9068-47D1-A748-02BE80A3D13F}.Debug|Any CPU.Build.0 = Debug|Any CPU
		{5AB3949E-9068-47D1-A748-02BE80A3D13F}.Release|Any CPU.ActiveCfg = Release|Any CPU
		{5AB3949E-9068-47D1-A748-02BE80A3D13F}.Release|Any CPU.Build.0 = Release|Any CPU
		{36A04A16-0625-4CCC-A812-539F8E1D5092}.Debug|Any CPU.ActiveCfg = Debug|Any CPU
		{36A04A16-0625-4CCC-A812-539F8E1D5092}.Debug|Any CPU.Build.0 = Debug|Any CPU
		{36A04A16-0625-4CCC-A812-539F8E1D5092}.Release|Any CPU.ActiveCfg = Release|Any CPU
		{36A04A16-0625-4CCC-A812-539F8E1D5092}.Release|Any CPU.Build.0 = Release|Any CPU
		{94CB2823-049F-46BC-9086-79A64033223F}.Debug|Any CPU.ActiveCfg = Debug|Any CPU
		{94CB2823-049F-46BC-9086-79A64033223F}.Debug|Any CPU.Build.0 = Debug|Any CPU
		{94CB2823-049F-46BC-9086-79A64033223F}.Release|Any CPU.ActiveCfg = Release|Any CPU
		{94CB2823-049F-46BC-9086-79A64033223F}.Release|Any CPU.Build.0 = Release|Any CPU
		{FA9E3FDE-715B-4DC5-8D25-54324B6DFB5F}.Debug|Any CPU.ActiveCfg = Debug|Any CPU
		{FA9E3FDE-715B-4DC5-8D25-54324B6DFB5F}.Debug|Any CPU.Build.0 = Debug|Any CPU
		{FA9E3FDE-715B-4DC5-8D25-54324B6DFB5F}.Release|Any CPU.ActiveCfg = Release|Any CPU
		{FA9E3FDE-715B-4DC5-8D25-54324B6DFB5F}.Release|Any CPU.Build.0 = Release|Any CPU
		{40FA9FA1-5D9F-4B5B-9226-996556893B88}.Debug|Any CPU.ActiveCfg = Debug|Any CPU
		{40FA9FA1-5D9F-4B5B-9226-996556893B88}.Debug|Any CPU.Build.0 = Debug|Any CPU
		{40FA9FA1-5D9F-4B5B-9226-996556893B88}.Release|Any CPU.ActiveCfg = Release|Any CPU
		{40FA9FA1-5D9F-4B5B-9226-996556893B88}.Release|Any CPU.Build.0 = Release|Any CPU
		{00E37135-D66F-4AB9-92CF-3CB1BAA56A72}.Debug|Any CPU.ActiveCfg = Debug|Any CPU
		{00E37135-D66F-4AB9-92CF-3CB1BAA56A72}.Debug|Any CPU.Build.0 = Debug|Any CPU
		{00E37135-D66F-4AB9-92CF-3CB1BAA56A72}.Release|Any CPU.ActiveCfg = Release|Any CPU
		{00E37135-D66F-4AB9-92CF-3CB1BAA56A72}.Release|Any CPU.Build.0 = Release|Any CPU
		{7167F32C-E1F7-4693-A02E-7B651328B2E4}.Debug|Any CPU.ActiveCfg = Debug|Any CPU
		{7167F32C-E1F7-4693-A02E-7B651328B2E4}.Debug|Any CPU.Build.0 = Debug|Any CPU
		{7167F32C-E1F7-4693-A02E-7B651328B2E4}.Release|Any CPU.ActiveCfg = Release|Any CPU
		{7167F32C-E1F7-4693-A02E-7B651328B2E4}.Release|Any CPU.Build.0 = Release|Any CPU
		{FC5C6BDF-A698-4636-B9CD-10ABBEE8590B}.Debug|Any CPU.ActiveCfg = Debug|Any CPU
		{FC5C6BDF-A698-4636-B9CD-10ABBEE8590B}.Debug|Any CPU.Build.0 = Debug|Any CPU
		{FC5C6BDF-A698-4636-B9CD-10ABBEE8590B}.Release|Any CPU.ActiveCfg = Release|Any CPU
		{FC5C6BDF-A698-4636-B9CD-10ABBEE8590B}.Release|Any CPU.Build.0 = Release|Any CPU
		{B8941B13-3EBD-40D1-87B3-EAEA7CC1EA8E}.Debug|Any CPU.ActiveCfg = Debug|Any CPU
		{B8941B13-3EBD-40D1-87B3-EAEA7CC1EA8E}.Debug|Any CPU.Build.0 = Debug|Any CPU
		{B8941B13-3EBD-40D1-87B3-EAEA7CC1EA8E}.Release|Any CPU.ActiveCfg = Release|Any CPU
		{B8941B13-3EBD-40D1-87B3-EAEA7CC1EA8E}.Release|Any CPU.Build.0 = Release|Any CPU
		{0F885209-25FA-41CF-BAAA-0A6679C9B3F6}.Debug|Any CPU.ActiveCfg = Debug|Any CPU
		{0F885209-25FA-41CF-BAAA-0A6679C9B3F6}.Debug|Any CPU.Build.0 = Debug|Any CPU
		{0F885209-25FA-41CF-BAAA-0A6679C9B3F6}.Release|Any CPU.ActiveCfg = Release|Any CPU
		{0F885209-25FA-41CF-BAAA-0A6679C9B3F6}.Release|Any CPU.Build.0 = Release|Any CPU
		{A958C249-C3B2-43CF-BB40-8E1B3F1512B5}.Debug|Any CPU.ActiveCfg = Debug|Any CPU
		{A958C249-C3B2-43CF-BB40-8E1B3F1512B5}.Debug|Any CPU.Build.0 = Debug|Any CPU
		{A958C249-C3B2-43CF-BB40-8E1B3F1512B5}.Release|Any CPU.ActiveCfg = Release|Any CPU
		{A958C249-C3B2-43CF-BB40-8E1B3F1512B5}.Release|Any CPU.Build.0 = Release|Any CPU
		{B553D514-AE58-43C9-BC04-15361B4A2D72}.Debug|Any CPU.ActiveCfg = Debug|Any CPU
		{B553D514-AE58-43C9-BC04-15361B4A2D72}.Debug|Any CPU.Build.0 = Debug|Any CPU
		{B553D514-AE58-43C9-BC04-15361B4A2D72}.Release|Any CPU.ActiveCfg = Release|Any CPU
		{B553D514-AE58-43C9-BC04-15361B4A2D72}.Release|Any CPU.Build.0 = Release|Any CPU
		{E2E77C70-22C2-499F-9E10-0FDC60A2F280}.Debug|Any CPU.ActiveCfg = Debug|Any CPU
		{E2E77C70-22C2-499F-9E10-0FDC60A2F280}.Debug|Any CPU.Build.0 = Debug|Any CPU
		{E2E77C70-22C2-499F-9E10-0FDC60A2F280}.Release|Any CPU.ActiveCfg = Release|Any CPU
		{E2E77C70-22C2-499F-9E10-0FDC60A2F280}.Release|Any CPU.Build.0 = Release|Any CPU
		{DE804AFA-00BB-49E3-BA06-6279B4E56711}.Debug|Any CPU.ActiveCfg = Debug|Any CPU
		{DE804AFA-00BB-49E3-BA06-6279B4E56711}.Debug|Any CPU.Build.0 = Debug|Any CPU
		{DE804AFA-00BB-49E3-BA06-6279B4E56711}.Release|Any CPU.ActiveCfg = Release|Any CPU
		{DE804AFA-00BB-49E3-BA06-6279B4E56711}.Release|Any CPU.Build.0 = Release|Any CPU
		{CA2B337A-EE6D-49BC-955A-C56BBBD1139E}.Debug|Any CPU.ActiveCfg = Debug|Any CPU
		{CA2B337A-EE6D-49BC-955A-C56BBBD1139E}.Debug|Any CPU.Build.0 = Debug|Any CPU
		{CA2B337A-EE6D-49BC-955A-C56BBBD1139E}.Release|Any CPU.ActiveCfg = Release|Any CPU
		{CA2B337A-EE6D-49BC-955A-C56BBBD1139E}.Release|Any CPU.Build.0 = Release|Any CPU
		{27B4E19E-324E-430C-8144-FF1821A5C023}.Debug|Any CPU.ActiveCfg = Debug|Any CPU
		{27B4E19E-324E-430C-8144-FF1821A5C023}.Debug|Any CPU.Build.0 = Debug|Any CPU
		{27B4E19E-324E-430C-8144-FF1821A5C023}.Release|Any CPU.ActiveCfg = Release|Any CPU
		{27B4E19E-324E-430C-8144-FF1821A5C023}.Release|Any CPU.Build.0 = Release|Any CPU
		{F0C89A41-B685-4307-A98C-4669AA4A73DB}.Debug|Any CPU.ActiveCfg = Debug|Any CPU
		{F0C89A41-B685-4307-A98C-4669AA4A73DB}.Debug|Any CPU.Build.0 = Debug|Any CPU
		{F0C89A41-B685-4307-A98C-4669AA4A73DB}.Release|Any CPU.ActiveCfg = Release|Any CPU
		{F0C89A41-B685-4307-A98C-4669AA4A73DB}.Release|Any CPU.Build.0 = Release|Any CPU
		{1C88AA54-77F4-4506-B362-F1DE2C2FE6CD}.Debug|Any CPU.ActiveCfg = Debug|Any CPU
		{1C88AA54-77F4-4506-B362-F1DE2C2FE6CD}.Debug|Any CPU.Build.0 = Debug|Any CPU
		{1C88AA54-77F4-4506-B362-F1DE2C2FE6CD}.Release|Any CPU.ActiveCfg = Release|Any CPU
		{1C88AA54-77F4-4506-B362-F1DE2C2FE6CD}.Release|Any CPU.Build.0 = Release|Any CPU
		{6001D87E-E7D6-4F9C-9CF7-34D2E11EA66D}.Debug|Any CPU.ActiveCfg = Debug|Any CPU
		{6001D87E-E7D6-4F9C-9CF7-34D2E11EA66D}.Debug|Any CPU.Build.0 = Debug|Any CPU
		{6001D87E-E7D6-4F9C-9CF7-34D2E11EA66D}.Release|Any CPU.ActiveCfg = Release|Any CPU
		{6001D87E-E7D6-4F9C-9CF7-34D2E11EA66D}.Release|Any CPU.Build.0 = Release|Any CPU
		{88E984CE-8565-493B-B544-C6542A622BDD}.Debug|Any CPU.ActiveCfg = Debug|Any CPU
		{88E984CE-8565-493B-B544-C6542A622BDD}.Debug|Any CPU.Build.0 = Debug|Any CPU
		{88E984CE-8565-493B-B544-C6542A622BDD}.Release|Any CPU.ActiveCfg = Release|Any CPU
		{88E984CE-8565-493B-B544-C6542A622BDD}.Release|Any CPU.Build.0 = Release|Any CPU
		{937F6DD6-A72E-48FB-8E0B-DAB83D97767E}.Debug|Any CPU.ActiveCfg = Debug|Any CPU
		{937F6DD6-A72E-48FB-8E0B-DAB83D97767E}.Debug|Any CPU.Build.0 = Debug|Any CPU
		{937F6DD6-A72E-48FB-8E0B-DAB83D97767E}.Release|Any CPU.ActiveCfg = Release|Any CPU
		{937F6DD6-A72E-48FB-8E0B-DAB83D97767E}.Release|Any CPU.Build.0 = Release|Any CPU
		{BA9D9B2F-4B4D-48FF-AEC5-49DBD0E09786}.Debug|Any CPU.ActiveCfg = Debug|Any CPU
		{BA9D9B2F-4B4D-48FF-AEC5-49DBD0E09786}.Debug|Any CPU.Build.0 = Debug|Any CPU
		{BA9D9B2F-4B4D-48FF-AEC5-49DBD0E09786}.Release|Any CPU.ActiveCfg = Release|Any CPU
		{BA9D9B2F-4B4D-48FF-AEC5-49DBD0E09786}.Release|Any CPU.Build.0 = Release|Any CPU
		{FB0B69BF-D6D1-4D14-BBF3-316EBED1DDA1}.Debug|Any CPU.ActiveCfg = Debug|Any CPU
		{FB0B69BF-D6D1-4D14-BBF3-316EBED1DDA1}.Debug|Any CPU.Build.0 = Debug|Any CPU
		{FB0B69BF-D6D1-4D14-BBF3-316EBED1DDA1}.Release|Any CPU.ActiveCfg = Release|Any CPU
		{FB0B69BF-D6D1-4D14-BBF3-316EBED1DDA1}.Release|Any CPU.Build.0 = Release|Any CPU
		{CDEDED77-71A2-44F8-94E2-907D2F92E0BF}.Debug|Any CPU.ActiveCfg = Debug|Any CPU
		{CDEDED77-71A2-44F8-94E2-907D2F92E0BF}.Debug|Any CPU.Build.0 = Debug|Any CPU
		{CDEDED77-71A2-44F8-94E2-907D2F92E0BF}.Release|Any CPU.ActiveCfg = Release|Any CPU
		{CDEDED77-71A2-44F8-94E2-907D2F92E0BF}.Release|Any CPU.Build.0 = Release|Any CPU
		{BE957E11-3EB4-471D-8A5F-27869C0CF627}.Debug|Any CPU.ActiveCfg = Debug|Any CPU
		{BE957E11-3EB4-471D-8A5F-27869C0CF627}.Debug|Any CPU.Build.0 = Debug|Any CPU
		{BE957E11-3EB4-471D-8A5F-27869C0CF627}.Release|Any CPU.ActiveCfg = Release|Any CPU
		{BE957E11-3EB4-471D-8A5F-27869C0CF627}.Release|Any CPU.Build.0 = Release|Any CPU
		{E6128C2A-03DA-4435-8A1B-D978CDAA9FC7}.Debug|Any CPU.ActiveCfg = Debug|Any CPU
		{E6128C2A-03DA-4435-8A1B-D978CDAA9FC7}.Debug|Any CPU.Build.0 = Debug|Any CPU
		{E6128C2A-03DA-4435-8A1B-D978CDAA9FC7}.Release|Any CPU.ActiveCfg = Release|Any CPU
		{E6128C2A-03DA-4435-8A1B-D978CDAA9FC7}.Release|Any CPU.Build.0 = Release|Any CPU
		{B10E3F89-7D4D-4FEF-BEF5-661D578045F3}.Debug|Any CPU.ActiveCfg = Debug|Any CPU
		{B10E3F89-7D4D-4FEF-BEF5-661D578045F3}.Debug|Any CPU.Build.0 = Debug|Any CPU
		{B10E3F89-7D4D-4FEF-BEF5-661D578045F3}.Release|Any CPU.ActiveCfg = Release|Any CPU
		{B10E3F89-7D4D-4FEF-BEF5-661D578045F3}.Release|Any CPU.Build.0 = Release|Any CPU
		{A9B37996-2F60-4947-9FA3-31B0BB03A577}.Debug|Any CPU.ActiveCfg = Debug|Any CPU
		{A9B37996-2F60-4947-9FA3-31B0BB03A577}.Debug|Any CPU.Build.0 = Debug|Any CPU
		{A9B37996-2F60-4947-9FA3-31B0BB03A577}.Release|Any CPU.ActiveCfg = Release|Any CPU
		{A9B37996-2F60-4947-9FA3-31B0BB03A577}.Release|Any CPU.Build.0 = Release|Any CPU
		{644E327E-6044-404C-877E-1B81DC9BF84E}.Debug|Any CPU.ActiveCfg = Debug|Any CPU
		{644E327E-6044-404C-877E-1B81DC9BF84E}.Debug|Any CPU.Build.0 = Debug|Any CPU
		{644E327E-6044-404C-877E-1B81DC9BF84E}.Release|Any CPU.ActiveCfg = Release|Any CPU
		{644E327E-6044-404C-877E-1B81DC9BF84E}.Release|Any CPU.Build.0 = Release|Any CPU
		{A695C1CE-13C1-4301-862C-612969C21796}.Debug|Any CPU.ActiveCfg = Debug|Any CPU
		{A695C1CE-13C1-4301-862C-612969C21796}.Debug|Any CPU.Build.0 = Debug|Any CPU
		{A695C1CE-13C1-4301-862C-612969C21796}.Release|Any CPU.ActiveCfg = Release|Any CPU
		{A695C1CE-13C1-4301-862C-612969C21796}.Release|Any CPU.Build.0 = Release|Any CPU
		{B82E2E4B-B424-47EA-A807-C4F046798B96}.Debug|Any CPU.ActiveCfg = Debug|Any CPU
		{B82E2E4B-B424-47EA-A807-C4F046798B96}.Debug|Any CPU.Build.0 = Debug|Any CPU
		{B82E2E4B-B424-47EA-A807-C4F046798B96}.Release|Any CPU.ActiveCfg = Release|Any CPU
		{B82E2E4B-B424-47EA-A807-C4F046798B96}.Release|Any CPU.Build.0 = Release|Any CPU
		{B20CF91C-687F-4DE2-8A4A-5B171B4EE2AC}.Debug|Any CPU.ActiveCfg = Debug|Any CPU
		{B20CF91C-687F-4DE2-8A4A-5B171B4EE2AC}.Debug|Any CPU.Build.0 = Debug|Any CPU
		{B20CF91C-687F-4DE2-8A4A-5B171B4EE2AC}.Release|Any CPU.ActiveCfg = Release|Any CPU
		{B20CF91C-687F-4DE2-8A4A-5B171B4EE2AC}.Release|Any CPU.Build.0 = Release|Any CPU
		{35113BF8-3A2B-4300-B363-61C08E346770}.Debug|Any CPU.ActiveCfg = Debug|Any CPU
		{35113BF8-3A2B-4300-B363-61C08E346770}.Debug|Any CPU.Build.0 = Debug|Any CPU
		{35113BF8-3A2B-4300-B363-61C08E346770}.Release|Any CPU.ActiveCfg = Release|Any CPU
		{35113BF8-3A2B-4300-B363-61C08E346770}.Release|Any CPU.Build.0 = Release|Any CPU
		{4B9B1017-4874-469E-B21C-FF8F82EE9462}.Debug|Any CPU.ActiveCfg = Debug|Any CPU
		{4B9B1017-4874-469E-B21C-FF8F82EE9462}.Debug|Any CPU.Build.0 = Debug|Any CPU
		{4B9B1017-4874-469E-B21C-FF8F82EE9462}.Release|Any CPU.ActiveCfg = Release|Any CPU
		{4B9B1017-4874-469E-B21C-FF8F82EE9462}.Release|Any CPU.Build.0 = Release|Any CPU
		{75865282-94D1-49B3-AA35-34D3F6B45C51}.Debug|Any CPU.ActiveCfg = Debug|Any CPU
		{75865282-94D1-49B3-AA35-34D3F6B45C51}.Debug|Any CPU.Build.0 = Debug|Any CPU
		{75865282-94D1-49B3-AA35-34D3F6B45C51}.Release|Any CPU.ActiveCfg = Release|Any CPU
		{75865282-94D1-49B3-AA35-34D3F6B45C51}.Release|Any CPU.Build.0 = Release|Any CPU
		{966CA53B-586A-4482-B7A9-3136F19A7D0D}.Debug|Any CPU.ActiveCfg = Debug|Any CPU
		{966CA53B-586A-4482-B7A9-3136F19A7D0D}.Debug|Any CPU.Build.0 = Debug|Any CPU
		{966CA53B-586A-4482-B7A9-3136F19A7D0D}.Release|Any CPU.ActiveCfg = Release|Any CPU
		{966CA53B-586A-4482-B7A9-3136F19A7D0D}.Release|Any CPU.Build.0 = Release|Any CPU
		{67FE5F9E-EC7C-4CD5-A5C5-A883EE9947B8}.Debug|Any CPU.ActiveCfg = Debug|Any CPU
		{67FE5F9E-EC7C-4CD5-A5C5-A883EE9947B8}.Debug|Any CPU.Build.0 = Debug|Any CPU
		{67FE5F9E-EC7C-4CD5-A5C5-A883EE9947B8}.Release|Any CPU.ActiveCfg = Release|Any CPU
		{67FE5F9E-EC7C-4CD5-A5C5-A883EE9947B8}.Release|Any CPU.Build.0 = Release|Any CPU
		{DEC95B7A-1324-4D97-84B7-110B7452CC8E}.Debug|Any CPU.ActiveCfg = Debug|Any CPU
		{DEC95B7A-1324-4D97-84B7-110B7452CC8E}.Debug|Any CPU.Build.0 = Debug|Any CPU
		{DEC95B7A-1324-4D97-84B7-110B7452CC8E}.Release|Any CPU.ActiveCfg = Release|Any CPU
		{DEC95B7A-1324-4D97-84B7-110B7452CC8E}.Release|Any CPU.Build.0 = Release|Any CPU
		{4A3FFB80-C474-4B8D-98C2-CD521A2C8BD1}.Debug|Any CPU.ActiveCfg = Debug|Any CPU
		{4A3FFB80-C474-4B8D-98C2-CD521A2C8BD1}.Debug|Any CPU.Build.0 = Debug|Any CPU
		{4A3FFB80-C474-4B8D-98C2-CD521A2C8BD1}.Release|Any CPU.ActiveCfg = Release|Any CPU
		{4A3FFB80-C474-4B8D-98C2-CD521A2C8BD1}.Release|Any CPU.Build.0 = Release|Any CPU
		{B14A02DF-0694-42B9-BB2D-CB4697293E3F}.Debug|Any CPU.ActiveCfg = Debug|Any CPU
		{B14A02DF-0694-42B9-BB2D-CB4697293E3F}.Debug|Any CPU.Build.0 = Debug|Any CPU
		{B14A02DF-0694-42B9-BB2D-CB4697293E3F}.Release|Any CPU.ActiveCfg = Release|Any CPU
		{B14A02DF-0694-42B9-BB2D-CB4697293E3F}.Release|Any CPU.Build.0 = Release|Any CPU
		{5310FC3C-A26B-4908-BFA2-915DFBBE8E6A}.Debug|Any CPU.ActiveCfg = Debug|Any CPU
		{5310FC3C-A26B-4908-BFA2-915DFBBE8E6A}.Debug|Any CPU.Build.0 = Debug|Any CPU
		{5310FC3C-A26B-4908-BFA2-915DFBBE8E6A}.Release|Any CPU.ActiveCfg = Release|Any CPU
		{5310FC3C-A26B-4908-BFA2-915DFBBE8E6A}.Release|Any CPU.Build.0 = Release|Any CPU
		{BB05D79D-897F-4EE7-92C8-31FE9E9E0289}.Debug|Any CPU.ActiveCfg = Debug|Any CPU
		{BB05D79D-897F-4EE7-92C8-31FE9E9E0289}.Debug|Any CPU.Build.0 = Debug|Any CPU
		{BB05D79D-897F-4EE7-92C8-31FE9E9E0289}.Release|Any CPU.ActiveCfg = Release|Any CPU
		{BB05D79D-897F-4EE7-92C8-31FE9E9E0289}.Release|Any CPU.Build.0 = Release|Any CPU
		{4C483D20-FDA9-4427-B3A3-797A1E609BE4}.Debug|Any CPU.ActiveCfg = Debug|Any CPU
		{4C483D20-FDA9-4427-B3A3-797A1E609BE4}.Debug|Any CPU.Build.0 = Debug|Any CPU
		{4C483D20-FDA9-4427-B3A3-797A1E609BE4}.Release|Any CPU.ActiveCfg = Release|Any CPU
		{4C483D20-FDA9-4427-B3A3-797A1E609BE4}.Release|Any CPU.Build.0 = Release|Any CPU
		{9702BFA3-63D7-407B-BB72-5A9193A1C6D8}.Debug|Any CPU.ActiveCfg = Debug|Any CPU
		{9702BFA3-63D7-407B-BB72-5A9193A1C6D8}.Debug|Any CPU.Build.0 = Debug|Any CPU
		{9702BFA3-63D7-407B-BB72-5A9193A1C6D8}.Release|Any CPU.ActiveCfg = Release|Any CPU
		{9702BFA3-63D7-407B-BB72-5A9193A1C6D8}.Release|Any CPU.Build.0 = Release|Any CPU
	EndGlobalSection
	GlobalSection(SolutionProperties) = preSolution
		HideSolutionNode = FALSE
	EndGlobalSection
	GlobalSection(ExtensibilityGlobals) = postSolution
		SolutionGuid = {663CD332-B384-4C5B-BF6C-E76E3148817D}
	EndGlobalSection
EndGlobal
