
Microsoft Visual Studio Solution File, Format Version 12.00
# Visual Studio Version 16
VisualStudioVersion = 16.0.29418.71
MinimumVisualStudioVersion = 10.0.40219.1
Project("{9A19103F-16F7-4668-BE54-9A1E7A4F7556}") = "lab_01_hello_world", "lab_01_hello_world\lab_01_hello_world.csproj", "{7B54DAAA-B9B3-4186-BFC8-9B6A92545E4D}"
EndProject
Project("{FAE04EC0-301F-11D3-BF4B-00C04F79EFBC}") = "lab_02_ildasm", "lab_02_ildasm\lab_02_ildasm.csproj", "{691FFDCB-1A53-4A26-882C-6693F4E0F387}"
EndProject
Project("{9A19103F-16F7-4668-BE54-9A1E7A4F7556}") = "lab_03_use_library", "lab 03 user library\lab_03_use_library.csproj", "{293CDCB3-DA47-45C5-B861-9FE67E6A9F58}"
EndProject
Project("{9A19103F-16F7-4668-BE54-9A1E7A4F7556}") = "lab_03_library_files", "lab_03_library_files\lab_03_library_files.csproj", "{6FFB1D60-8A97-48C4-B065-544DB891726E}"
EndProject
Project("{9A19103F-16F7-4668-BE54-9A1E7A4F7556}") = "lab_04_debugging", "lab_04_debugging\lab_04_debugging.csproj", "{5AB3949E-9068-47D1-A748-02BE80A3D13F}"
EndProject
Project("{9A19103F-16F7-4668-BE54-9A1E7A4F7556}") = "lab_07_args_array", "lab_07_args_array\lab_07_args_array.csproj", "{36A04A16-0625-4CCC-A812-539F8E1D5092}"
EndProject
Project("{9A19103F-16F7-4668-BE54-9A1E7A4F7556}") = "lab_08 literal objects", "lab 08 literal objects\lab_08 literal objects.csproj", "{94CB2823-049F-46BC-9086-79A64033223F}"
EndProject
Project("{9A19103F-16F7-4668-BE54-9A1E7A4F7556}") = "lab_09 OOP intro", "lab_09 OOP intro\lab_09 OOP intro.csproj", "{FA9E3FDE-715B-4DC5-8D25-54324B6DFB5F}"
EndProject
Project("{9A19103F-16F7-4668-BE54-9A1E7A4F7556}") = "lab_10 methods", "lab_10 methods\lab_10 methods.csproj", "{40FA9FA1-5D9F-4B5B-9226-996556893B88}"
EndProject
Project("{9A19103F-16F7-4668-BE54-9A1E7A4F7556}") = "lab_11_methods", "lab_11_methods\lab_11_methods.csproj", "{00E37135-D66F-4AB9-92CF-3CB1BAA56A72}"
EndProject
Project("{9A19103F-16F7-4668-BE54-9A1E7A4F7556}") = "lab_12 properties", "lab_12 properties\lab_12 properties.csproj", "{7167F32C-E1F7-4693-A02E-7B651328B2E4}"
EndProject
Project("{9A19103F-16F7-4668-BE54-9A1E7A4F7556}") = "lab_13 polymorphism", "lab_13 polymorphism\lab_13 polymorphism.csproj", "{FC5C6BDF-A698-4636-B9CD-10ABBEE8590B}"
EndProject
Project("{9A19103F-16F7-4668-BE54-9A1E7A4F7556}") = "lab_14 Access modifiers", "lab_14 Access modifiers\lab_14 Access modifiers.csproj", "{B8941B13-3EBD-40D1-87B3-EAEA7CC1EA8E}"
EndProject
Project("{9A19103F-16F7-4668-BE54-9A1E7A4F7556}") = "lab_15 value reference", "lab_15 value reference\lab_15 value reference.csproj", "{0F885209-25FA-41CF-BAAA-0A6679C9B3F6}"
EndProject
Project("{FAE04EC0-301F-11D3-BF4B-00C04F79EFBC}") = "lab_16 loops", "lab_16 loops\lab_16 loops.csproj", "{A958C249-C3B2-43CF-BB40-8E1B3F1512B5}"
EndProject
Project("{FAE04EC0-301F-11D3-BF4B-00C04F79EFBC}") = "lab_17 Collections", "lab_17 Collections\lab_17 Collections.csproj", "{B553D514-AE58-43C9-BC04-15361B4A2D72}"
EndProject
Project("{FAE04EC0-301F-11D3-BF4B-00C04F79EFBC}") = "lab_18 ListQeueStack", "lab_18 ListQeueStack\lab_18 ListQeueStack.csproj", "{E2E77C70-22C2-499F-9E10-0FDC60A2F280}"
EndProject
Project("{FAE04EC0-301F-11D3-BF4B-00C04F79EFBC}") = "lab_19 Exceptions", "lab_19 Exceptions\lab_19 Exceptions.csproj", "{DE804AFA-00BB-49E3-BA06-6279B4E56711}"
EndProject
Project("{FAE04EC0-301F-11D3-BF4B-00C04F79EFBC}") = "lab_20 Throw", "lab_20 Throw\lab_20 Throw.csproj", "{CA2B337A-EE6D-49BC-955A-C56BBBD1139E}"
EndProject
Project("{FAE04EC0-301F-11D3-BF4B-00C04F79EFBC}") = "lab_21 Rabbits", "lab_21 Rabbits\lab_21 Rabbits.csproj", "{27B4E19E-324E-430C-8144-FF1821A5C023}"
EndProject
Project("{FAE04EC0-301F-11D3-BF4B-00C04F79EFBC}") = "lab_22 Rabbits breed", "lab_22 Rabbits breed\lab_22 Rabbits breed.csproj", "{F0C89A41-B685-4307-A98C-4669AA4A73DB}"
EndProject
Global
	GlobalSection(SolutionConfigurationPlatforms) = preSolution
		Debug|Any CPU = Debug|Any CPU
		Release|Any CPU = Release|Any CPU
	EndGlobalSection
	GlobalSection(ProjectConfigurationPlatforms) = postSolution
		{7B54DAAA-B9B3-4186-BFC8-9B6A92545E4D}.Debug|Any CPU.ActiveCfg = Debug|Any CPU
		{7B54DAAA-B9B3-4186-BFC8-9B6A92545E4D}.Debug|Any CPU.Build.0 = Debug|Any CPU
		{7B54DAAA-B9B3-4186-BFC8-9B6A92545E4D}.Release|Any CPU.ActiveCfg = Release|Any CPU
		{7B54DAAA-B9B3-4186-BFC8-9B6A92545E4D}.Release|Any CPU.Build.0 = Release|Any CPU
		{691FFDCB-1A53-4A26-882C-6693F4E0F387}.Debug|Any CPU.ActiveCfg = Debug|Any CPU
		{691FFDCB-1A53-4A26-882C-6693F4E0F387}.Debug|Any CPU.Build.0 = Debug|Any CPU
		{691FFDCB-1A53-4A26-882C-6693F4E0F387}.Release|Any CPU.ActiveCfg = Release|Any CPU
		{691FFDCB-1A53-4A26-882C-6693F4E0F387}.Release|Any CPU.Build.0 = Release|Any CPU
		{293CDCB3-DA47-45C5-B861-9FE67E6A9F58}.Debug|Any CPU.ActiveCfg = Debug|Any CPU
		{293CDCB3-DA47-45C5-B861-9FE67E6A9F58}.Debug|Any CPU.Build.0 = Debug|Any CPU
		{293CDCB3-DA47-45C5-B861-9FE67E6A9F58}.Release|Any CPU.ActiveCfg = Release|Any CPU
		{293CDCB3-DA47-45C5-B861-9FE67E6A9F58}.Release|Any CPU.Build.0 = Release|Any CPU
		{6FFB1D60-8A97-48C4-B065-544DB891726E}.Debug|Any CPU.ActiveCfg = Debug|Any CPU
		{6FFB1D60-8A97-48C4-B065-544DB891726E}.Debug|Any CPU.Build.0 = Debug|Any CPU
		{6FFB1D60-8A97-48C4-B065-544DB891726E}.Release|Any CPU.ActiveCfg = Release|Any CPU
		{6FFB1D60-8A97-48C4-B065-544DB891726E}.Release|Any CPU.Build.0 = Release|Any CPU
		{5AB3949E-9068-47D1-A748-02BE80A3D13F}.Debug|Any CPU.ActiveCfg = Debug|Any CPU
		{5AB3949E-9068-47D1-A748-02BE80A3D13F}.Debug|Any CPU.Build.0 = Debug|Any CPU
		{5AB3949E-9068-47D1-A748-02BE80A3D13F}.Release|Any CPU.ActiveCfg = Release|Any CPU
		{5AB3949E-9068-47D1-A748-02BE80A3D13F}.Release|Any CPU.Build.0 = Release|Any CPU
		{36A04A16-0625-4CCC-A812-539F8E1D5092}.Debug|Any CPU.ActiveCfg = Debug|Any CPU
		{36A04A16-0625-4CCC-A812-539F8E1D5092}.Debug|Any CPU.Build.0 = Debug|Any CPU
		{36A04A16-0625-4CCC-A812-539F8E1D5092}.Release|Any CPU.ActiveCfg = Release|Any CPU
		{36A04A16-0625-4CCC-A812-539F8E1D5092}.Release|Any CPU.Build.0 = Release|Any CPU
		{94CB2823-049F-46BC-9086-79A64033223F}.Debug|Any CPU.ActiveCfg = Debug|Any CPU
		{94CB2823-049F-46BC-9086-79A64033223F}.Debug|Any CPU.Build.0 = Debug|Any CPU
		{94CB2823-049F-46BC-9086-79A64033223F}.Release|Any CPU.ActiveCfg = Release|Any CPU
		{94CB2823-049F-46BC-9086-79A64033223F}.Release|Any CPU.Build.0 = Release|Any CPU
		{FA9E3FDE-715B-4DC5-8D25-54324B6DFB5F}.Debug|Any CPU.ActiveCfg = Debug|Any CPU
		{FA9E3FDE-715B-4DC5-8D25-54324B6DFB5F}.Debug|Any CPU.Build.0 = Debug|Any CPU
		{FA9E3FDE-715B-4DC5-8D25-54324B6DFB5F}.Release|Any CPU.ActiveCfg = Release|Any CPU
		{FA9E3FDE-715B-4DC5-8D25-54324B6DFB5F}.Release|Any CPU.Build.0 = Release|Any CPU
		{40FA9FA1-5D9F-4B5B-9226-996556893B88}.Debug|Any CPU.ActiveCfg = Debug|Any CPU
		{40FA9FA1-5D9F-4B5B-9226-996556893B88}.Debug|Any CPU.Build.0 = Debug|Any CPU
		{40FA9FA1-5D9F-4B5B-9226-996556893B88}.Release|Any CPU.ActiveCfg = Release|Any CPU
		{40FA9FA1-5D9F-4B5B-9226-996556893B88}.Release|Any CPU.Build.0 = Release|Any CPU
		{00E37135-D66F-4AB9-92CF-3CB1BAA56A72}.Debug|Any CPU.ActiveCfg = Debug|Any CPU
		{00E37135-D66F-4AB9-92CF-3CB1BAA56A72}.Debug|Any CPU.Build.0 = Debug|Any CPU
		{00E37135-D66F-4AB9-92CF-3CB1BAA56A72}.Release|Any CPU.ActiveCfg = Release|Any CPU
		{00E37135-D66F-4AB9-92CF-3CB1BAA56A72}.Release|Any CPU.Build.0 = Release|Any CPU
		{7167F32C-E1F7-4693-A02E-7B651328B2E4}.Debug|Any CPU.ActiveCfg = Debug|Any CPU
		{7167F32C-E1F7-4693-A02E-7B651328B2E4}.Debug|Any CPU.Build.0 = Debug|Any CPU
		{7167F32C-E1F7-4693-A02E-7B651328B2E4}.Release|Any CPU.ActiveCfg = Release|Any CPU
		{7167F32C-E1F7-4693-A02E-7B651328B2E4}.Release|Any CPU.Build.0 = Release|Any CPU
		{FC5C6BDF-A698-4636-B9CD-10ABBEE8590B}.Debug|Any CPU.ActiveCfg = Debug|Any CPU
		{FC5C6BDF-A698-4636-B9CD-10ABBEE8590B}.Debug|Any CPU.Build.0 = Debug|Any CPU
		{FC5C6BDF-A698-4636-B9CD-10ABBEE8590B}.Release|Any CPU.ActiveCfg = Release|Any CPU
		{FC5C6BDF-A698-4636-B9CD-10ABBEE8590B}.Release|Any CPU.Build.0 = Release|Any CPU
		{B8941B13-3EBD-40D1-87B3-EAEA7CC1EA8E}.Debug|Any CPU.ActiveCfg = Debug|Any CPU
		{B8941B13-3EBD-40D1-87B3-EAEA7CC1EA8E}.Debug|Any CPU.Build.0 = Debug|Any CPU
		{B8941B13-3EBD-40D1-87B3-EAEA7CC1EA8E}.Release|Any CPU.ActiveCfg = Release|Any CPU
		{B8941B13-3EBD-40D1-87B3-EAEA7CC1EA8E}.Release|Any CPU.Build.0 = Release|Any CPU
		{0F885209-25FA-41CF-BAAA-0A6679C9B3F6}.Debug|Any CPU.ActiveCfg = Debug|Any CPU
		{0F885209-25FA-41CF-BAAA-0A6679C9B3F6}.Debug|Any CPU.Build.0 = Debug|Any CPU
		{0F885209-25FA-41CF-BAAA-0A6679C9B3F6}.Release|Any CPU.ActiveCfg = Release|Any CPU
		{0F885209-25FA-41CF-BAAA-0A6679C9B3F6}.Release|Any CPU.Build.0 = Release|Any CPU
		{A958C249-C3B2-43CF-BB40-8E1B3F1512B5}.Debug|Any CPU.ActiveCfg = Debug|Any CPU
		{A958C249-C3B2-43CF-BB40-8E1B3F1512B5}.Debug|Any CPU.Build.0 = Debug|Any CPU
		{A958C249-C3B2-43CF-BB40-8E1B3F1512B5}.Release|Any CPU.ActiveCfg = Release|Any CPU
		{A958C249-C3B2-43CF-BB40-8E1B3F1512B5}.Release|Any CPU.Build.0 = Release|Any CPU
		{B553D514-AE58-43C9-BC04-15361B4A2D72}.Debug|Any CPU.ActiveCfg = Debug|Any CPU
		{B553D514-AE58-43C9-BC04-15361B4A2D72}.Debug|Any CPU.Build.0 = Debug|Any CPU
		{B553D514-AE58-43C9-BC04-15361B4A2D72}.Release|Any CPU.ActiveCfg = Release|Any CPU
		{B553D514-AE58-43C9-BC04-15361B4A2D72}.Release|Any CPU.Build.0 = Release|Any CPU
		{E2E77C70-22C2-499F-9E10-0FDC60A2F280}.Debug|Any CPU.ActiveCfg = Debug|Any CPU
		{E2E77C70-22C2-499F-9E10-0FDC60A2F280}.Debug|Any CPU.Build.0 = Debug|Any CPU
		{E2E77C70-22C2-499F-9E10-0FDC60A2F280}.Release|Any CPU.ActiveCfg = Release|Any CPU
		{E2E77C70-22C2-499F-9E10-0FDC60A2F280}.Release|Any CPU.Build.0 = Release|Any CPU
		{DE804AFA-00BB-49E3-BA06-6279B4E56711}.Debug|Any CPU.ActiveCfg = Debug|Any CPU
		{DE804AFA-00BB-49E3-BA06-6279B4E56711}.Debug|Any CPU.Build.0 = Debug|Any CPU
		{DE804AFA-00BB-49E3-BA06-6279B4E56711}.Release|Any CPU.ActiveCfg = Release|Any CPU
		{DE804AFA-00BB-49E3-BA06-6279B4E56711}.Release|Any CPU.Build.0 = Release|Any CPU
		{CA2B337A-EE6D-49BC-955A-C56BBBD1139E}.Debug|Any CPU.ActiveCfg = Debug|Any CPU
		{CA2B337A-EE6D-49BC-955A-C56BBBD1139E}.Debug|Any CPU.Build.0 = Debug|Any CPU
		{CA2B337A-EE6D-49BC-955A-C56BBBD1139E}.Release|Any CPU.ActiveCfg = Release|Any CPU
		{CA2B337A-EE6D-49BC-955A-C56BBBD1139E}.Release|Any CPU.Build.0 = Release|Any CPU
		{27B4E19E-324E-430C-8144-FF1821A5C023}.Debug|Any CPU.ActiveCfg = Debug|Any CPU
		{27B4E19E-324E-430C-8144-FF1821A5C023}.Debug|Any CPU.Build.0 = Debug|Any CPU
		{27B4E19E-324E-430C-8144-FF1821A5C023}.Release|Any CPU.ActiveCfg = Release|Any CPU
		{27B4E19E-324E-430C-8144-FF1821A5C023}.Release|Any CPU.Build.0 = Release|Any CPU
		{F0C89A41-B685-4307-A98C-4669AA4A73DB}.Debug|Any CPU.ActiveCfg = Debug|Any CPU
		{F0C89A41-B685-4307-A98C-4669AA4A73DB}.Debug|Any CPU.Build.0 = Debug|Any CPU
		{F0C89A41-B685-4307-A98C-4669AA4A73DB}.Release|Any CPU.ActiveCfg = Release|Any CPU
		{F0C89A41-B685-4307-A98C-4669AA4A73DB}.Release|Any CPU.Build.0 = Release|Any CPU
	EndGlobalSection
	GlobalSection(SolutionProperties) = preSolution
		HideSolutionNode = FALSE
	EndGlobalSection
	GlobalSection(ExtensibilityGlobals) = postSolution
		SolutionGuid = {663CD332-B384-4C5B-BF6C-E76E3148817D}
	EndGlobalSection
EndGlobal
